
Microsoft Visual Studio Solution File, Format Version 12.00
# Visual Studio Version 16
VisualStudioVersion = 16.0.31112.23
MinimumVisualStudioVersion = 10.0.40219.1
Project("{FAE04EC0-301F-11D3-BF4B-00C04F79EFBC}") = "Flight-Inspection", "Flight-Inspection\Flight-Inspection.csproj", "{9B3F2F44-0CA2-44D8-BEFA-14104F5394C0}"
EndProject
Global
	GlobalSection(SolutionConfigurationPlatforms) = preSolution
		Debug|Any CPU = Debug|Any CPU
		Release|Any CPU = Release|Any CPU
	EndGlobalSection
	GlobalSection(ProjectConfigurationPlatforms) = postSolution
		{9B3F2F44-0CA2-44D8-BEFA-14104F5394C0}.Debug|Any CPU.ActiveCfg = Debug|Any CPU
		{9B3F2F44-0CA2-44D8-BEFA-14104F5394C0}.Debug|Any CPU.Build.0 = Debug|Any CPU
		{9B3F2F44-0CA2-44D8-BEFA-14104F5394C0}.Release|Any CPU.ActiveCfg = Release|Any CPU
		{9B3F2F44-0CA2-44D8-BEFA-14104F5394C0}.Release|Any CPU.Build.0 = Release|Any CPU
	EndGlobalSection
	GlobalSection(SolutionProperties) = preSolution
		HideSolutionNode = FALSE
	EndGlobalSection
	GlobalSection(ExtensibilityGlobals) = postSolution
		SolutionGuid = {6214D89D-D423-4B8D-814E-F5FA1953B6D1}
	EndGlobalSection
EndGlobal
