
Microsoft Visual Studio Solution File, Format Version 12.00
# Visual Studio Version 16
VisualStudioVersion = 16.0.31112.23
MinimumVisualStudioVersion = 10.0.40219.1
Project("{FAE04EC0-301F-11D3-BF4B-00C04F79EFBC}") = "Flight-Inspection", "Flight-Inspection\Flight-Inspection.csproj", "{9B3F2F44-0CA2-44D8-BEFA-14104F5394C0}"
EndProject
Global
	GlobalSection(SolutionConfigurationPlatforms) = preSolution
		Debug|Any CPU = Debug|Any CPU
		Debug|x64 = Debug|x64
		Debug|x86 = Debug|x86
		dllRun|Any CPU = dllRun|Any CPU
		dllRun|x64 = dllRun|x64
		dllRun|x86 = dllRun|x86
		Release|Any CPU = Release|Any CPU
		Release|x64 = Release|x64
		Release|x86 = Release|x86
	EndGlobalSection
	GlobalSection(ProjectConfigurationPlatforms) = postSolution
		{9B3F2F44-0CA2-44D8-BEFA-14104F5394C0}.Debug|Any CPU.ActiveCfg = Debug|Any CPU
		{9B3F2F44-0CA2-44D8-BEFA-14104F5394C0}.Debug|Any CPU.Build.0 = Debug|Any CPU
		{9B3F2F44-0CA2-44D8-BEFA-14104F5394C0}.Debug|x64.ActiveCfg = Debug|x64
		{9B3F2F44-0CA2-44D8-BEFA-14104F5394C0}.Debug|x64.Build.0 = Debug|x64
		{9B3F2F44-0CA2-44D8-BEFA-14104F5394C0}.Debug|x86.ActiveCfg = Debug|Any CPU
		{9B3F2F44-0CA2-44D8-BEFA-14104F5394C0}.Debug|x86.Build.0 = Debug|Any CPU
		{9B3F2F44-0CA2-44D8-BEFA-14104F5394C0}.dllRun|Any CPU.ActiveCfg = dllRun|x86
		{9B3F2F44-0CA2-44D8-BEFA-14104F5394C0}.dllRun|Any CPU.Build.0 = dllRun|x86
		{9B3F2F44-0CA2-44D8-BEFA-14104F5394C0}.dllRun|x64.ActiveCfg = dllRun|x64
		{9B3F2F44-0CA2-44D8-BEFA-14104F5394C0}.dllRun|x64.Build.0 = dllRun|x64
		{9B3F2F44-0CA2-44D8-BEFA-14104F5394C0}.dllRun|x86.ActiveCfg = dllRun|x86
		{9B3F2F44-0CA2-44D8-BEFA-14104F5394C0}.dllRun|x86.Build.0 = dllRun|x86
		{9B3F2F44-0CA2-44D8-BEFA-14104F5394C0}.Release|Any CPU.ActiveCfg = Release|Any CPU
		{9B3F2F44-0CA2-44D8-BEFA-14104F5394C0}.Release|Any CPU.Build.0 = Release|Any CPU
		{9B3F2F44-0CA2-44D8-BEFA-14104F5394C0}.Release|x64.ActiveCfg = Release|x64
		{9B3F2F44-0CA2-44D8-BEFA-14104F5394C0}.Release|x64.Build.0 = Release|x64
		{9B3F2F44-0CA2-44D8-BEFA-14104F5394C0}.Release|x86.ActiveCfg = Release|x86
		{9B3F2F44-0CA2-44D8-BEFA-14104F5394C0}.Release|x86.Build.0 = Release|x86
	EndGlobalSection
	GlobalSection(SolutionProperties) = preSolution
		HideSolutionNode = FALSE
	EndGlobalSection
	GlobalSection(ExtensibilityGlobals) = postSolution
		SolutionGuid = {6214D89D-D423-4B8D-814E-F5FA1953B6D1}
	EndGlobalSection
EndGlobal
